
Microsoft Visual Studio Solution File, Format Version 12.00
# Visual Studio Version 17
VisualStudioVersion = 17.10.34928.147
MinimumVisualStudioVersion = 10.0.40219.1
Project("{FAE04EC0-301F-11D3-BF4B-00C04F79EFBC}") = "PrimeiraAPI", "PrimeiraAPI\PrimeiraAPI.csproj", "{0892BBE0-F8FB-474C-A366-5FD966556826}"
EndProject
Global
	GlobalSection(SolutionConfigurationPlatforms) = preSolution
		Debug|Any CPU = Debug|Any CPU
		Release|Any CPU = Release|Any CPU
	EndGlobalSection
	GlobalSection(ProjectConfigurationPlatforms) = postSolution
		{0892BBE0-F8FB-474C-A366-5FD966556826}.Debug|Any CPU.ActiveCfg = Debug|Any CPU
		{0892BBE0-F8FB-474C-A366-5FD966556826}.Debug|Any CPU.Build.0 = Debug|Any CPU
		{0892BBE0-F8FB-474C-A366-5FD966556826}.Release|Any CPU.ActiveCfg = Release|Any CPU
		{0892BBE0-F8FB-474C-A366-5FD966556826}.Release|Any CPU.Build.0 = Release|Any CPU
	EndGlobalSection
	GlobalSection(SolutionProperties) = preSolution
		HideSolutionNode = FALSE
	EndGlobalSection
	GlobalSection(ExtensibilityGlobals) = postSolution
		SolutionGuid = {8287E4C3-4752-4BCB-883F-C9560CBB6A02}
	EndGlobalSection
EndGlobal
